PODS:
  - FMDB (2.5):
    - FMDB/standard (= 2.5)
  - FMDB/common (2.5)
  - FMDB/standard (2.5):
    - FMDB/common
  - Masonry (0.6.4)

DEPENDENCIES:
  - FMDB (= 2.5)
  - Masonry

SPEC CHECKSUMS:
  FMDB: 96e8f1bcc1329e269330f99770ad4285d9003e52
  Masonry: 281802d04d787ea2973179ee8bcb50500579ede2

COCOAPODS: 0.38.2
