// !$*UTF8*$!
{
	archiveVersion = 1;
	classes = {
	};
	objectVersion = 46;
	objects = {

/* Begin PBXBuildFile section */
		49806E651CB637AD00784188 /* main.m in Sources */ = {isa = PBXBuildFile; fileRef = 49806E641CB637AD00784188 /* main.m */; };
		49806E681CB637AD00784188 /* AppDelegate.m in Sources */ = {isa = PBXBuildFile; fileRef = 49806E671CB637AD00784188 /* AppDelegate.m */; };
		49806E6B1CB637AE00784188 /* ViewController.m in Sources */ = {isa = PBXBuildFile; fileRef = 49806E6A1CB637AE00784188 /* ViewController.m */; };
		49806E6E1CB637AE00784188 /* Main.storyboard in Resources */ = {isa = PBXBuildFile; fileRef = 49806E6C1CB637AE00784188 /* Main.storyboard */; };
		49806E701CB637AE00784188 /* Assets.xcassets in Resources */ = {isa = PBXBuildFile; fileRef = 49806E6F1CB637AE00784188 /* Assets.xcassets */; };
		49806E731CB637AE00784188 /* LaunchScreen.storyboard in Resources */ = {isa = PBXBuildFile; fileRef = 49806E711CB637AE00784188 /* LaunchScreen.storyboard */; };
		49806E7E1CB637AE00784188 /* FileDownloadToolTests.m in Sources */ = {isa = PBXBuildFile; fileRef = 49806E7D1CB637AE00784188 /* FileDownloadToolTests.m */; };
		49806E891CB637AE00784188 /* FileDownloadToolUITests.m in Sources */ = {isa = PBXBuildFile; fileRef = 49806E881CB637AE00784188 /* FileDownloadToolUITests.m */; };
		49806E981CB6381500784188 /* LPFileDownloadOperation.m in Sources */ = {isa = PBXBuildFile; fileRef = 49806E971CB6381500784188 /* LPFileDownloadOperation.m */; };
		49806E9C1CB6384D00784188 /* LPDownloadCell.m in Sources */ = {isa = PBXBuildFile; fileRef = 49806E9B1CB6384D00784188 /* LPDownloadCell.m */; };
		49806EA01CB63A6D00784188 /* LPFileDownloadManager.m in Sources */ = {isa = PBXBuildFile; fileRef = 49806E9F1CB63A6D00784188 /* LPFileDownloadManager.m */; };
		49806EA31CB65B6E00784188 /* LPDownloadModel.m in Sources */ = {isa = PBXBuildFile; fileRef = 49806EA21CB65B6E00784188 /* LPDownloadModel.m */; };
		49806EA71CB6652500784188 /* LPDownloadViewController.m in Sources */ = {isa = PBXBuildFile; fileRef = 49806EA61CB6652500784188 /* LPDownloadViewController.m */; };
		49806EAA1CB66DDD00784188 /* LPFileManager.m in Sources */ = {isa = PBXBuildFile; fileRef = 49806EA91CB66DDD00784188 /* LPFileManager.m */; };
		49806EAD1CB8CDFD00784188 /* CrashViewController.m in Sources */ = {isa = PBXBuildFile; fileRef = 49806EAC1CB8CDFD00784188 /* CrashViewController.m */; };
		A418BE9966BD5DD34B51A305 /* libPods.a in Frameworks */ = {isa = PBXBuildFile; fileRef = 0A81FAB1A0E15F9F276FA645 /* libPods.a */; };
/* End PBXBuildFile section */

/* Begin PBXContainerItemProxy section */
		49806E7A1CB637AE00784188 /* PBXContainerItemProxy */ = {
			isa = PBXContainerItemProxy;
			containerPortal = 49806E581CB637AD00784188 /* Project object */;
			proxyType = 1;
			remoteGlobalIDString = 49806E5F1CB637AD00784188;
			remoteInfo = FileDownloadTool;
		};
		49806E851CB637AE00784188 /* PBXContainerItemProxy */ = {
			isa = PBXContainerItemProxy;
			containerPortal = 49806E581CB637AD00784188 /* Project object */;
			proxyType = 1;
			remoteGlobalIDString = 49806E5F1CB637AD00784188;
			remoteInfo = FileDownloadTool;
		};
/* End PBXContainerItemProxy section */

/* Begin PBXFileReference section */
		0A81FAB1A0E15F9F276FA645 /* libPods.a */ = {isa = PBXFileReference; explicitFileType = archive.ar; includeInIndex = 0; path = libPods.a; sourceTree = BUILT_PRODUCTS_DIR; };
		49806E601CB637AD00784188 /* FileDownloadTool.app */ = {isa = PBXFileReference; explicitFileType = wrapper.application; includeInIndex = 0; path = FileDownloadTool.app; sourceTree = BUILT_PRODUCTS_DIR; };
		49806E641CB637AD00784188 /* main.m */ = {isa = PBXFileReference; lastKnownFileType = sourcecode.c.objc; path = main.m; sourceTree = "<group>"; };
		49806E661CB637AD00784188 /* AppDelegate.h */ = {isa = PBXFileReference; lastKnownFileType = sourcecode.c.h; path = AppDelegate.h; sourceTree = "<group>"; };
		49806E671CB637AD00784188 /* AppDelegate.m */ = {isa = PBXFileReference; lastKnownFileType = sourcecode.c.objc; path = AppDelegate.m; sourceTree = "<group>"; };
		49806E691CB637AD00784188 /* ViewController.h */ = {isa = PBXFileReference; lastKnownFileType = sourcecode.c.h; path = ViewController.h; sourceTree = "<group>"; };
		49806E6A1CB637AE00784188 /* ViewController.m */ = {isa = PBXFileReference; lastKnownFileType = sourcecode.c.objc; path = ViewController.m; sourceTree = "<group>"; };
		49806E6D1CB637AE00784188 /* Base */ = {isa = PBXFileReference; lastKnownFileType = file.storyboard; name = Base; path = Base.lproj/Main.storyboard; sourceTree = "<group>"; };
		49806E6F1CB637AE00784188 /* Assets.xcassets */ = {isa = PBXFileReference; lastKnownFileType = folder.assetcatalog; path = Assets.xcassets; sourceTree = "<group>"; };
		49806E721CB637AE00784188 /* Base */ = {isa = PBXFileReference; lastKnownFileType = file.storyboard; name = Base; path = Base.lproj/LaunchScreen.storyboard; sourceTree = "<group>"; };
		49806E741CB637AE00784188 /* Info.plist */ = {isa = PBXFileReference; lastKnownFileType = text.plist.xml; path = Info.plist; sourceTree = "<group>"; };
		49806E791CB637AE00784188 /* FileDownloadToolTests.xctest */ = {isa = PBXFileReference; explicitFileType = wrapper.cfbundle; includeInIndex = 0; path = FileDownloadToolTests.xctest; sourceTree = BUILT_PRODUCTS_DIR; };
		49806E7D1CB637AE00784188 /* FileDownloadToolTests.m */ = {isa = PBXFileReference; lastKnownFileType = sourcecode.c.objc; path = FileDownloadToolTests.m; sourceTree = "<group>"; };
		49806E7F1CB637AE00784188 /* Info.plist */ = {isa = PBXFileReference; lastKnownFileType = text.plist.xml; path = Info.plist; sourceTree = "<group>"; };
		49806E841CB637AE00784188 /* FileDownloadToolUITests.xctest */ = {isa = PBXFileReference; explicitFileType = wrapper.cfbundle; includeInIndex = 0; path = FileDownloadToolUITests.xctest; sourceTree = BUILT_PRODUCTS_DIR; };
		49806E881CB637AE00784188 /* FileDownloadToolUITests.m */ = {isa = PBXFileReference; lastKnownFileType = sourcecode.c.objc; path = FileDownloadToolUITests.m; sourceTree = "<group>"; };
		49806E8A1CB637AE00784188 /* Info.plist */ = {isa = PBXFileReference; lastKnownFileType = text.plist.xml; path = Info.plist; sourceTree = "<group>"; };
		49806E961CB6381500784188 /* LPFileDownloadOperation.h */ = {isa = PBXFileReference; fileEncoding = 4; lastKnownFileType = sourcecode.c.h; name = LPFileDownloadOperation.h; path = FileDownload/LPFileDownloadOperation.h; sourceTree = "<group>"; };
		49806E971CB6381500784188 /* LPFileDownloadOperation.m */ = {isa = PBXFileReference; fileEncoding = 4; lastKnownFileType = sourcecode.c.objc; name = LPFileDownloadOperation.m; path = FileDownload/LPFileDownloadOperation.m; sourceTree = "<group>"; };
		49806E9A1CB6384D00784188 /* LPDownloadCell.h */ = {isa = PBXFileReference; fileEncoding = 4; lastKnownFileType = sourcecode.c.h; name = LPDownloadCell.h; path = View/LPDownloadCell.h; sourceTree = "<group>"; };
		49806E9B1CB6384D00784188 /* LPDownloadCell.m */ = {isa = PBXFileReference; fileEncoding = 4; lastKnownFileType = sourcecode.c.objc; name = LPDownloadCell.m; path = View/LPDownloadCell.m; sourceTree = "<group>"; };
		49806E9E1CB63A6D00784188 /* LPFileDownloadManager.h */ = {isa = PBXFileReference; fileEncoding = 4; lastKnownFileType = sourcecode.c.h; name = LPFileDownloadManager.h; path = FileDownload/LPFileDownloadManager.h; sourceTree = "<group>"; };
		49806E9F1CB63A6D00784188 /* LPFileDownloadManager.m */ = {isa = PBXFileReference; fileEncoding = 4; lastKnownFileType = sourcecode.c.objc; name = LPFileDownloadManager.m; path = FileDownload/LPFileDownloadManager.m; sourceTree = "<group>"; };
		49806EA11CB65B6E00784188 /* LPDownloadModel.h */ = {isa = PBXFileReference; fileEncoding = 4; lastKnownFileType = sourcecode.c.h; name = LPDownloadModel.h; path = Model/LPDownloadModel.h; sourceTree = "<group>"; };
		49806EA21CB65B6E00784188 /* LPDownloadModel.m */ = {isa = PBXFileReference; fileEncoding = 4; lastKnownFileType = sourcecode.c.objc; name = LPDownloadModel.m; path = Model/LPDownloadModel.m; sourceTree = "<group>"; };
		49806EA51CB6652500784188 /* LPDownloadViewController.h */ = {isa = PBXFileReference; fileEncoding = 4; lastKnownFileType = sourcecode.c.h; path = LPDownloadViewController.h; sourceTree = "<group>"; };
		49806EA61CB6652500784188 /* LPDownloadViewController.m */ = {isa = PBXFileReference; fileEncoding = 4; lastKnownFileType = sourcecode.c.objc; path = LPDownloadViewController.m; sourceTree = "<group>"; };
		49806EA81CB66DDD00784188 /* LPFileManager.h */ = {isa = PBXFileReference; fileEncoding = 4; lastKnownFileType = sourcecode.c.h; name = LPFileManager.h; path = FileDownload/LPFileManager.h; sourceTree = "<group>"; };
		49806EA91CB66DDD00784188 /* LPFileManager.m */ = {isa = PBXFileReference; fileEncoding = 4; lastKnownFileType = sourcecode.c.objc; name = LPFileManager.m; path = FileDownload/LPFileManager.m; sourceTree = "<group>"; };
		49806EAB1CB8CDFD00784188 /* CrashViewController.h */ = {isa = PBXFileReference; fileEncoding = 4; lastKnownFileType = sourcecode.c.h; path = CrashViewController.h; sourceTree = "<group>"; };
		49806EAC1CB8CDFD00784188 /* CrashViewController.m */ = {isa = PBXFileReference; fileEncoding = 4; lastKnownFileType = sourcecode.c.objc; path = CrashViewController.m; sourceTree = "<group>"; };
		B8CA7DA5BDA994CC414B67ED /* Pods.debug.xcconfig */ = {isa = PBXFileReference; includeInIndex = 1; lastKnownFileType = text.xcconfig; name = Pods.debug.xcconfig; path = "Pods/Target Support Files/Pods/Pods.debug.xcconfig"; sourceTree = "<group>"; };
		DFE0FBE274EEFF60191CD73B /* Pods.release.xcconfig */ = {isa = PBXFileReference; includeInIndex = 1; lastKnownFileType = text.xcconfig; name = Pods.release.xcconfig; path = "Pods/Target Support Files/Pods/Pods.release.xcconfig"; sourceTree = "<group>"; };
/* End PBXFileReference section */

/* Begin PBXFrameworksBuildPhase section */
		49806E5D1CB637AD00784188 /* Frameworks */ = {
			isa = PBXFrameworksBuildPhase;
			buildActionMask = 2147483647;
			files = (
				A418BE9966BD5DD34B51A305 /* libPods.a in Frameworks */,
			);
			runOnlyForDeploymentPostprocessing = 0;
		};
		49806E761CB637AE00784188 /* Frameworks */ = {
			isa = PBXFrameworksBuildPhase;
			buildActionMask = 2147483647;
			files = (
			);
			runOnlyForDeploymentPostprocessing = 0;
		};
		49806E811CB637AE00784188 /* Frameworks */ = {
			isa = PBXFrameworksBuildPhase;
			buildActionMask = 2147483647;
			files = (
			);
			runOnlyForDeploymentPostprocessing = 0;
		};
/* End PBXFrameworksBuildPhase section */

/* Begin PBXGroup section */
		48FEBBACEF79AB523F53616E /* Frameworks */ = {
			isa = PBXGroup;
			children = (
				0A81FAB1A0E15F9F276FA645 /* libPods.a */,
			);
			name = Frameworks;
			sourceTree = "<group>";
		};
		49806E571CB637AD00784188 = {
			isa = PBXGroup;
			children = (
				49806E621CB637AD00784188 /* FileDownloadTool */,
				49806E7C1CB637AE00784188 /* FileDownloadToolTests */,
				49806E871CB637AE00784188 /* FileDownloadToolUITests */,
				49806E611CB637AD00784188 /* Products */,
				EC76EB04FFAC1B515299AFBA /* Pods */,
				48FEBBACEF79AB523F53616E /* Frameworks */,
			);
			sourceTree = "<group>";
		};
		49806E611CB637AD00784188 /* Products */ = {
			isa = PBXGroup;
			children = (
				49806E601CB637AD00784188 /* FileDownloadTool.app */,
				49806E791CB637AE00784188 /* FileDownloadToolTests.xctest */,
				49806E841CB637AE00784188 /* FileDownloadToolUITests.xctest */,
			);
			name = Products;
			sourceTree = "<group>";
		};
		49806E621CB637AD00784188 /* FileDownloadTool */ = {
			isa = PBXGroup;
			children = (
				49806E661CB637AD00784188 /* AppDelegate.h */,
				49806E671CB637AD00784188 /* AppDelegate.m */,
				49806E691CB637AD00784188 /* ViewController.h */,
				49806E6A1CB637AE00784188 /* ViewController.m */,
				49806EA51CB6652500784188 /* LPDownloadViewController.h */,
				49806EA61CB6652500784188 /* LPDownloadViewController.m */,
				49806EAB1CB8CDFD00784188 /* CrashViewController.h */,
				49806EAC1CB8CDFD00784188 /* CrashViewController.m */,
				49806E9D1CB6385100784188 /* View */,
				49806EA41CB65B7200784188 /* Model */,
				49806E991CB6381900784188 /* FileDownload */,
				49806E6C1CB637AE00784188 /* Main.storyboard */,
				49806E6F1CB637AE00784188 /* Assets.xcassets */,
				49806E711CB637AE00784188 /* LaunchScreen.storyboard */,
				49806E741CB637AE00784188 /* Info.plist */,
				49806E631CB637AD00784188 /* Supporting Files */,
			);
			path = FileDownloadTool;
			sourceTree = "<group>";
		};
		49806E631CB637AD00784188 /* Supporting Files */ = {
			isa = PBXGroup;
			children = (
				49806E641CB637AD00784188 /* main.m */,
			);
			name = "Supporting Files";
			sourceTree = "<group>";
		};
		49806E7C1CB637AE00784188 /* FileDownloadToolTests */ = {
			isa = PBXGroup;
			children = (
				49806E7D1CB637AE00784188 /* FileDownloadToolTests.m */,
				49806E7F1CB637AE00784188 /* Info.plist */,
			);
			path = FileDownloadToolTests;
			sourceTree = "<group>";
		};
		49806E871CB637AE00784188 /* FileDownloadToolUITests */ = {
			isa = PBXGroup;
			children = (
				49806E881CB637AE00784188 /* FileDownloadToolUITests.m */,
				49806E8A1CB637AE00784188 /* Info.plist */,
			);
			path = FileDownloadToolUITests;
			sourceTree = "<group>";
		};
		49806E991CB6381900784188 /* FileDownload */ = {
			isa = PBXGroup;
			children = (
				49806E961CB6381500784188 /* LPFileDownloadOperation.h */,
				49806E971CB6381500784188 /* LPFileDownloadOperation.m */,
				49806E9E1CB63A6D00784188 /* LPFileDownloadManager.h */,
				49806E9F1CB63A6D00784188 /* LPFileDownloadManager.m */,
				49806EA81CB66DDD00784188 /* LPFileManager.h */,
				49806EA91CB66DDD00784188 /* LPFileManager.m */,
			);
			name = FileDownload;
			sourceTree = "<group>";
		};
		49806E9D1CB6385100784188 /* View */ = {
			isa = PBXGroup;
			children = (
				49806E9A1CB6384D00784188 /* LPDownloadCell.h */,
				49806E9B1CB6384D00784188 /* LPDownloadCell.m */,
			);
			name = View;
			sourceTree = "<group>";
		};
		49806EA41CB65B7200784188 /* Model */ = {
			isa = PBXGroup;
			children = (
				49806EA11CB65B6E00784188 /* LPDownloadModel.h */,
				49806EA21CB65B6E00784188 /* LPDownloadModel.m */,
			);
			name = Model;
			sourceTree = "<group>";
		};
		EC76EB04FFAC1B515299AFBA /* Pods */ = {
			isa = PBXGroup;
			children = (
				B8CA7DA5BDA994CC414B67ED /* Pods.debug.xcconfig */,
				DFE0FBE274EEFF60191CD73B /* Pods.release.xcconfig */,
			);
			name = Pods;
			sourceTree = "<group>";
		};
/* End PBXGroup section */

/* Begin PBXNativeTarget section */
		49806E5F1CB637AD00784188 /* FileDownloadTool */ = {
			isa = PBXNativeTarget;
			buildConfigurationList = 49806E8D1CB637AE00784188 /* Build configuration list for PBXNativeTarget "FileDownloadTool" */;
			buildPhases = (
				4DCF058E1D94538C5084985D /* Check Pods Manifest.lock */,
				49806E5C1CB637AD00784188 /* Sources */,
				49806E5D1CB637AD00784188 /* Frameworks */,
				49806E5E1CB637AD00784188 /* Resources */,
				CFD6F38B291EF01F8F406F5E /* Copy Pods Resources */,
			);
			buildRules = (
			);
			dependencies = (
			);
			name = FileDownloadTool;
			productName = FileDownloadTool;
			productReference = 49806E601CB637AD00784188 /* FileDownloadTool.app */;
			productType = "com.apple.product-type.application";
		};
		49806E781CB637AE00784188 /* FileDownloadToolTests */ = {
			isa = PBXNativeTarget;
			buildConfigurationList = 49806E901CB637AE00784188 /* Build configuration list for PBXNativeTarget "FileDownloadToolTests" */;
			buildPhases = (
				49806E751CB637AE00784188 /* Sources */,
				49806E761CB637AE00784188 /* Frameworks */,
				49806E771CB637AE00784188 /* Resources */,
			);
			buildRules = (
			);
			dependencies = (
				49806E7B1CB637AE00784188 /* PBXTargetDependency */,
			);
			name = FileDownloadToolTests;
			productName = FileDownloadToolTests;
			productReference = 49806E791CB637AE00784188 /* FileDownloadToolTests.xctest */;
			productType = "com.apple.product-type.bundle.unit-test";
		};
		49806E831CB637AE00784188 /* FileDownloadToolUITests */ = {
			isa = PBXNativeTarget;
			buildConfigurationList = 49806E931CB637AE00784188 /* Build configuration list for PBXNativeTarget "FileDownloadToolUITests" */;
			buildPhases = (
				49806E801CB637AE00784188 /* Sources */,
				49806E811CB637AE00784188 /* Frameworks */,
				49806E821CB637AE00784188 /* Resources */,
			);
			buildRules = (
			);
			dependencies = (
				49806E861CB637AE00784188 /* PBXTargetDependency */,
			);
			name = FileDownloadToolUITests;
			productName = FileDownloadToolUITests;
			productReference = 49806E841CB637AE00784188 /* FileDownloadToolUITests.xctest */;
			productType = "com.apple.product-type.bundle.ui-testing";
		};
/* End PBXNativeTarget section */

/* Begin PBXProject section */
		49806E581CB637AD00784188 /* Project object */ = {
			isa = PBXProject;
			attributes = {
				LastUpgradeCheck = 0730;
				ORGANIZATIONNAME = zouzhigang;
				TargetAttributes = {
					49806E5F1CB637AD00784188 = {
						CreatedOnToolsVersion = 7.3;
					};
					49806E781CB637AE00784188 = {
						CreatedOnToolsVersion = 7.3;
						TestTargetID = 49806E5F1CB637AD00784188;
					};
					49806E831CB637AE00784188 = {
						CreatedOnToolsVersion = 7.3;
						TestTargetID = 49806E5F1CB637AD00784188;
					};
				};
			};
			buildConfigurationList = 49806E5B1CB637AD00784188 /* Build configuration list for PBXProject "FileDownloadTool" */;
			compatibilityVersion = "Xcode 3.2";
			developmentRegion = English;
			hasScannedForEncodings = 0;
			knownRegions = (
				en,
				Base,
			);
			mainGroup = 49806E571CB637AD00784188;
			productRefGroup = 49806E611CB637AD00784188 /* Products */;
			projectDirPath = "";
			projectRoot = "";
			targets = (
				49806E5F1CB637AD00784188 /* FileDownloadTool */,
				49806E781CB637AE00784188 /* FileDownloadToolTests */,
				49806E831CB637AE00784188 /* FileDownloadToolUITests */,
			);
		};
/* End PBXProject section */

/* Begin PBXResourcesBuildPhase section */
		49806E5E1CB637AD00784188 /* Resources */ = {
			isa = PBXResourcesBuildPhase;
			buildActionMask = 2147483647;
			files = (
				49806E731CB637AE00784188 /* LaunchScreen.storyboard in Resources */,
				49806E701CB637AE00784188 /* Assets.xcassets in Resources */,
				49806E6E1CB637AE00784188 /* Main.storyboard in Resources */,
			);
			runOnlyForDeploymentPostprocessing = 0;
		};
		49806E771CB637AE00784188 /* Resources */ = {
			isa = PBXResourcesBuildPhase;
			buildActionMask = 2147483647;
			files = (
			);
			runOnlyForDeploymentPostprocessing = 0;
		};
		49806E821CB637AE00784188 /* Resources */ = {
			isa = PBXResourcesBuildPhase;
			buildActionMask = 2147483647;
			files = (
			);
			runOnlyForDeploymentPostprocessing = 0;
		};
/* End PBXResourcesBuildPhase section */

/* Begin PBXShellScriptBuildPhase section */
		4DCF058E1D94538C5084985D /* Check Pods Manifest.lock */ = {
			isa = PBXShellScriptBuildPhase;
			buildActionMask = 2147483647;
			files = (
			);
			inputPaths = (
			);
			name = "Check Pods Manifest.lock";
			outputPaths = (
			);
			runOnlyForDeploymentPostprocessing = 0;
			shellPath = /bin/sh;
			shellScript = "diff \"${PODS_ROOT}/../Podfile.lock\" \"${PODS_ROOT}/Manifest.lock\" > /dev/null\nif [[ $? != 0 ]] ; then\n    cat << EOM\nerror: The sandbox is not in sync with the Podfile.lock. Run 'pod install' or update your CocoaPods installation.\nEOM\n    exit 1\nfi\n";
			showEnvVarsInLog = 0;
		};
		CFD6F38B291EF01F8F406F5E /* Copy Pods Resources */ = {
			isa = PBXShellScriptBuildPhase;
			buildActionMask = 2147483647;
			files = (
			);
			inputPaths = (
			);
			name = "Copy Pods Resources";
			outputPaths = (
			);
			runOnlyForDeploymentPostprocessing = 0;
			shellPath = /bin/sh;
			shellScript = "\"${SRCROOT}/Pods/Target Support Files/Pods/Pods-resources.sh\"\n";
			showEnvVarsInLog = 0;
		};
/* End PBXShellScriptBuildPhase section */

/* Begin PBXSourcesBuildPhase section */
		49806E5C1CB637AD00784188 /* Sources */ = {
			isa = PBXSourcesBuildPhase;
			buildActionMask = 2147483647;
			files = (
				49806EAD1CB8CDFD00784188 /* CrashViewController.m in Sources */,
				49806EA71CB6652500784188 /* LPDownloadViewController.m in Sources */,
				49806EA31CB65B6E00784188 /* LPDownloadModel.m in Sources */,
				49806E6B1CB637AE00784188 /* ViewController.m in Sources */,
				49806E981CB6381500784188 /* LPFileDownloadOperation.m in Sources */,
				49806EAA1CB66DDD00784188 /* LPFileManager.m in Sources */,
				49806E9C1CB6384D00784188 /* LPDownloadCell.m in Sources */,
				49806E681CB637AD00784188 /* AppDelegate.m in Sources */,
				49806E651CB637AD00784188 /* main.m in Sources */,
				49806EA01CB63A6D00784188 /* LPFileDownloadManager.m in Sources */,
			);
			runOnlyForDeploymentPostprocessing = 0;
		};
		49806E751CB637AE00784188 /* Sources */ = {
			isa = PBXSourcesBuildPhase;
			buildActionMask = 2147483647;
			files = (
				49806E7E1CB637AE00784188 /* FileDownloadToolTests.m in Sources */,
			);
			runOnlyForDeploymentPostprocessing = 0;
		};
		49806E801CB637AE00784188 /* Sources */ = {
			isa = PBXSourcesBuildPhase;
			buildActionMask = 2147483647;
			files = (
				49806E891CB637AE00784188 /* FileDownloadToolUITests.m in Sources */,
			);
			runOnlyForDeploymentPostprocessing = 0;
		};
/* End PBXSourcesBuildPhase section */

/* Begin PBXTargetDependency section */
		49806E7B1CB637AE00784188 /* PBXTargetDependency */ = {
			isa = PBXTargetDependency;
			target = 49806E5F1CB637AD00784188 /* FileDownloadTool */;
			targetProxy = 49806E7A1CB637AE00784188 /* PBXContainerItemProxy */;
		};
		49806E861CB637AE00784188 /* PBXTargetDependency */ = {
			isa = PBXTargetDependency;
			target = 49806E5F1CB637AD00784188 /* FileDownloadTool */;
			targetProxy = 49806E851CB637AE00784188 /* PBXContainerItemProxy */;
		};
/* End PBXTargetDependency section */

/* Begin PBXVariantGroup section */
		49806E6C1CB637AE00784188 /* Main.storyboard */ = {
			isa = PBXVariantGroup;
			children = (
				49806E6D1CB637AE00784188 /* Base */,
			);
			name = Main.storyboard;
			sourceTree = "<group>";
		};
		49806E711CB637AE00784188 /* LaunchScreen.storyboard */ = {
			isa = PBXVariantGroup;
			children = (
				49806E721CB637AE00784188 /* Base */,
			);
			name = LaunchScreen.storyboard;
			sourceTree = "<group>";
		};
/* End PBXVariantGroup section */

/* Begin XCBuildConfiguration section */
		49806E8B1CB637AE00784188 /* Debug */ = {
			isa = XCBuildConfiguration;
			buildSettings = {
				ALWAYS_SEARCH_USER_PATHS = NO;
				CLANG_ANALYZER_NONNULL = YES;
				CLANG_CXX_LANGUAGE_STANDARD = "gnu++0x";
				CLANG_CXX_LIBRARY = "libc++";
				CLANG_ENABLE_MODULES = YES;
				CLANG_ENABLE_OBJC_ARC = YES;
				CLANG_WARN_BOOL_CONVERSION = YES;
				CLANG_WARN_CONSTANT_CONVERSION = YES;
				CLANG_WARN_DIRECT_OBJC_ISA_USAGE = YES_ERROR;
				CLANG_WARN_EMPTY_BODY = YES;
				CLANG_WARN_ENUM_CONVERSION = YES;
				CLANG_WARN_INT_CONVERSION = YES;
				CLANG_WARN_OBJC_ROOT_CLASS = YES_ERROR;
				CLANG_WARN_UNREACHABLE_CODE = YES;
				CLANG_WARN__DUPLICATE_METHOD_MATCH = YES;
				"CODE_SIGN_IDENTITY[sdk=iphoneos*]" = "iPhone Developer";
				COPY_PHASE_STRIP = NO;
				DEBUG_INFORMATION_FORMAT = dwarf;
				ENABLE_STRICT_OBJC_MSGSEND = YES;
				ENABLE_TESTABILITY = YES;
				GCC_C_LANGUAGE_STANDARD = gnu99;
				GCC_DYNAMIC_NO_PIC = NO;
				GCC_NO_COMMON_BLOCKS = YES;
				GCC_OPTIMIZATION_LEVEL = 0;
				GCC_PREPROCESSOR_DEFINITIONS = (
					"DEBUG=1",
					"$(inherited)",
				);
				GCC_WARN_64_TO_32_BIT_CONVERSION = YES;
				GCC_WARN_ABOUT_RETURN_TYPE = YES_ERROR;
				GCC_WARN_UNDECLARED_SELECTOR = YES;
				GCC_WARN_UNINITIALIZED_AUTOS = YES_AGGRESSIVE;
				GCC_WARN_UNUSED_FUNCTION = YES;
				GCC_WARN_UNUSED_VARIABLE = YES;
				IPHONEOS_DEPLOYMENT_TARGET = 9.3;
				MTL_ENABLE_DEBUG_INFO = YES;
				ONLY_ACTIVE_ARCH = YES;
				SDKROOT = iphoneos;
			};
			name = Debug;
		};
		49806E8C1CB637AE00784188 /* Release */ = {
			isa = XCBuildConfiguration;
			buildSettings = {
				ALWAYS_SEARCH_USER_PATHS = NO;
				CLANG_ANALYZER_NONNULL = YES;
				CLANG_CXX_LANGUAGE_STANDARD = "gnu++0x";
				CLANG_CXX_LIBRARY = "libc++";
				CLANG_ENABLE_MODULES = YES;
				CLANG_ENABLE_OBJC_ARC = YES;
				CLANG_WARN_BOOL_CONVERSION = YES;
				CLANG_WARN_CONSTANT_CONVERSION = YES;
				CLANG_WARN_DIRECT_OBJC_ISA_USAGE = YES_ERROR;
				CLANG_WARN_EMPTY_BODY = YES;
				CLANG_WARN_ENUM_CONVERSION = YES;
				CLANG_WARN_INT_CONVERSION = YES;
				CLANG_WARN_OBJC_ROOT_CLASS = YES_ERROR;
				CLANG_WARN_UNREACHABLE_CODE = YES;
				CLANG_WARN__DUPLICATE_METHOD_MATCH = YES;
				"CODE_SIGN_IDENTITY[sdk=iphoneos*]" = "iPhone Developer";
				COPY_PHASE_STRIP = NO;
				DEBUG_INFORMATION_FORMAT = "dwarf-with-dsym";
				ENABLE_NS_ASSERTIONS = NO;
				ENABLE_STRICT_OBJC_MSGSEND = YES;
				GCC_C_LANGUAGE_STANDARD = gnu99;
				GCC_NO_COMMON_BLOCKS = YES;
				GCC_WARN_64_TO_32_BIT_CONVERSION = YES;
				GCC_WARN_ABOUT_RETURN_TYPE = YES_ERROR;
				GCC_WARN_UNDECLARED_SELECTOR = YES;
				GCC_WARN_UNINITIALIZED_AUTOS = YES_AGGRESSIVE;
				GCC_WARN_UNUSED_FUNCTION = YES;
				GCC_WARN_UNUSED_VARIABLE = YES;
				IPHONEOS_DEPLOYMENT_TARGET = 9.3;
				MTL_ENABLE_DEBUG_INFO = NO;
				SDKROOT = iphoneos;
				VALIDATE_PRODUCT = YES;
			};
			name = Release;
		};
		49806E8E1CB637AE00784188 /* Debug */ = {
			isa = XCBuildConfiguration;
			baseConfigurationReference = B8CA7DA5BDA994CC414B67ED /* Pods.debug.xcconfig */;
			buildSettings = {
				ASSETCATALOG_COMPILER_APPICON_NAME = AppIcon;
				INFOPLIST_FILE = FileDownloadTool/Info.plist;
				LD_RUNPATH_SEARCH_PATHS = "$(inherited) @executable_path/Frameworks";
				PRODUCT_BUNDLE_IDENTIFIER = com.MySuperCompany.FileDownloadTool;
				PRODUCT_NAME = "$(TARGET_NAME)";
			};
			name = Debug;
		};
		49806E8F1CB637AE00784188 /* Release */ = {
			isa = XCBuildConfiguration;
			baseConfigurationReference = DFE0FBE274EEFF60191CD73B /* Pods.release.xcconfig */;
			buildSettings = {
				ASSETCATALOG_COMPILER_APPICON_NAME = AppIcon;
				INFOPLIST_FILE = FileDownloadTool/Info.plist;
				LD_RUNPATH_SEARCH_PATHS = "$(inherited) @executable_path/Frameworks";
				PRODUCT_BUNDLE_IDENTIFIER = com.MySuperCompany.FileDownloadTool;
				PRODUCT_NAME = "$(TARGET_NAME)";
			};
			name = Release;
		};
		49806E911CB637AE00784188 /* Debug */ = {
			isa = XCBuildConfiguration;
			buildSettings = {
				BUNDLE_LOADER = "$(TEST_HOST)";
				INFOPLIST_FILE = FileDownloadToolTests/Info.plist;
				LD_RUNPATH_SEARCH_PATHS = "$(inherited) @executable_path/Frameworks @loader_path/Frameworks";
				PRODUCT_BUNDLE_IDENTIFIER = com.MySuperCompany.FileDownloadToolTests;
				PRODUCT_NAME = "$(TARGET_NAME)";
				TEST_HOST = "$(BUILT_PRODUCTS_DIR)/FileDownloadTool.app/FileDownloadTool";
			};
			name = Debug;
		};
		49806E921CB637AE00784188 /* Release */ = {
			isa = XCBuildConfiguration;
			buildSettings = {
				BUNDLE_LOADER = "$(TEST_HOST)";
				INFOPLIST_FILE = FileDownloadToolTests/Info.plist;
				LD_RUNPATH_SEARCH_PATHS = "$(inherited) @executable_path/Frameworks @loader_path/Frameworks";
				PRODUCT_BUNDLE_IDENTIFIER = com.MySuperCompany.FileDownloadToolTests;
				PRODUCT_NAME = "$(TARGET_NAME)";
				TEST_HOST = "$(BUILT_PRODUCTS_DIR)/FileDownloadTool.app/FileDownloadTool";
			};
			name = Release;
		};
		49806E941CB637AE00784188 /* Debug */ = {
			isa = XCBuildConfiguration;
			buildSettings = {
				INFOPLIST_FILE = FileDownloadToolUITests/Info.plist;
				LD_RUNPATH_SEARCH_PATHS = "$(inherited) @executable_path/Frameworks @loader_path/Frameworks";
				PRODUCT_BUNDLE_IDENTIFIER = com.MySuperCompany.FileDownloadToolUITests;
				PRODUCT_NAME = "$(TARGET_NAME)";
				TEST_TARGET_NAME = FileDownloadTool;
			};
			name = Debug;
		};
		49806E951CB637AE00784188 /* Release */ = {
			isa = XCBuildConfiguration;
			buildSettings = {
				INFOPLIST_FILE = FileDownloadToolUITests/Info.plist;
				LD_RUNPATH_SEARCH_PATHS = "$(inherited) @executable_path/Frameworks @loader_path/Frameworks";
				PRODUCT_BUNDLE_IDENTIFIER = com.MySuperCompany.FileDownloadToolUITests;
				PRODUCT_NAME = "$(TARGET_NAME)";
				TEST_TARGET_NAME = FileDownloadTool;
			};
			name = Release;
		};
/* End XCBuildConfiguration section */

/* Begin XCConfigurationList section */
		49806E5B1CB637AD00784188 /* Build configuration list for PBXProject "FileDownloadTool" */ = {
			isa = XCConfigurationList;
			buildConfigurations = (
				49806E8B1CB637AE00784188 /* Debug */,
				49806E8C1CB637AE00784188 /* Release */,
			);
			defaultConfigurationIsVisible = 0;
			defaultConfigurationName = Release;
		};
		49806E8D1CB637AE00784188 /* Build configuration list for PBXNativeTarget "FileDownloadTool" */ = {
			isa = XCConfigurationList;
			buildConfigurations = (
				49806E8E1CB637AE00784188 /* Debug */,
				49806E8F1CB637AE00784188 /* Release */,
			);
			defaultConfigurationIsVisible = 0;
			defaultConfigurationName = Release;
		};
		49806E901CB637AE00784188 /* Build configuration list for PBXNativeTarget "FileDownloadToolTests" */ = {
			isa = XCConfigurationList;
			buildConfigurations = (
				49806E911CB637AE00784188 /* Debug */,
				49806E921CB637AE00784188 /* Release */,
			);
			defaultConfigurationIsVisible = 0;
			defaultConfigurationName = Release;
		};
		49806E931CB637AE00784188 /* Build configuration list for PBXNativeTarget "FileDownloadToolUITests" */ = {
			isa = XCConfigurationList;
			buildConfigurations = (
				49806E941CB637AE00784188 /* Debug */,
				49806E951CB637AE00784188 /* Release */,
			);
			defaultConfigurationIsVisible = 0;
			defaultConfigurationName = Release;
		};
/* End XCConfigurationList section */
	};
	rootObject = 49806E581CB637AD00784188 /* Project object */;
}
